// !$*UTF8*$!
{
	archiveVersion = 1;
	classes = {
	};
	objectVersion = 46;
	objects = {

/* Begin PBXBuildFile section */
		43E8387C1E990ED10030E07A /* AppDelegate.swift in Sources */ = {isa = PBXBuildFile; fileRef = 43E8387B1E990ED10030E07A /* AppDelegate.swift */; };
		43E8387E1E990ED10030E07A /* ViewController.swift in Sources */ = {isa = PBXBuildFile; fileRef = 43E8387D1E990ED10030E07A /* ViewController.swift */; };
		43E838811E990ED10030E07A /* Main.storyboard in Resources */ = {isa = PBXBuildFile; fileRef = 43E8387F1E990ED10030E07A /* Main.storyboard */; };
		43E838831E990ED10030E07A /* Assets.xcassets in Resources */ = {isa = PBXBuildFile; fileRef = 43E838821E990ED10030E07A /* Assets.xcassets */; };
		43E838861E990ED10030E07A /* LaunchScreen.storyboard in Resources */ = {isa = PBXBuildFile; fileRef = 43E838841E990ED10030E07A /* LaunchScreen.storyboard */; };
/* End PBXBuildFile section */

/* Begin PBXFileReference section */
		43E838781E990ED10030E07A /* DesafioFIPEAPI.app */ = {isa = PBXFileReference; explicitFileType = wrapper.application; includeInIndex = 0; path = DesafioFIPEAPI.app; sourceTree = BUILT_PRODUCTS_DIR; };
		43E8387B1E990ED10030E07A /* AppDelegate.swift */ = {isa = PBXFileReference; lastKnownFileType = sourcecode.swift; path = AppDelegate.swift; sourceTree = "<group>"; };
		43E8387D1E990ED10030E07A /* ViewController.swift */ = {isa = PBXFileReference; lastKnownFileType = sourcecode.swift; path = ViewController.swift; sourceTree = "<group>"; };
		43E838801E990ED10030E07A /* Base */ = {isa = PBXFileReference; lastKnownFileType = file.storyboard; name = Base; path = Base.lproj/Main.storyboard; sourceTree = "<group>"; };
		43E838821E990ED10030E07A /* Assets.xcassets */ = {isa = PBXFileReference; lastKnownFileType = folder.assetcatalog; path = Assets.xcassets; sourceTree = "<group>"; };
		43E838851E990ED10030E07A /* Base */ = {isa = PBXFileReference; lastKnownFileType = file.storyboard; name = Base; path = Base.lproj/LaunchScreen.storyboard; sourceTree = "<group>"; };
		43E838871E990ED10030E07A /* Info.plist */ = {isa = PBXFileReference; lastKnownFileType = text.plist.xml; path = Info.plist; sourceTree = "<group>"; };
/* End PBXFileReference section */

/* Begin PBXFrameworksBuildPhase section */
		43E838751E990ED00030E07A /* Frameworks */ = {
			isa = PBXFrameworksBuildPhase;
			buildActionMask = 2147483647;
			files = (
			);
			runOnlyForDeploymentPostprocessing = 0;
		};
/* End PBXFrameworksBuildPhase section */

/* Begin PBXGroup section */
		43E8386F1E990ED00030E07A = {
			isa = PBXGroup;
			children = (
				43E8387A1E990ED10030E07A /* DesafioFIPEAPI */,
				43E838791E990ED10030E07A /* Products */,
			);
			sourceTree = "<group>";
		};
		43E838791E990ED10030E07A /* Products */ = {
			isa = PBXGroup;
			children = (
				43E838781E990ED10030E07A /* DesafioFIPEAPI.app */,
			);
			name = Products;
			sourceTree = "<group>";
		};
		43E8387A1E990ED10030E07A /* DesafioFIPEAPI */ = {
			isa = PBXGroup;
			children = (
				43E8387B1E990ED10030E07A /* AppDelegate.swift */,
				43E8387D1E990ED10030E07A /* ViewController.swift */,
				43E8387F1E990ED10030E07A /* Main.storyboard */,
				43E838821E990ED10030E07A /* Assets.xcassets */,
				43E838841E990ED10030E07A /* LaunchScreen.storyboard */,
				43E838871E990ED10030E07A /* Info.plist */,
			);
			path = DesafioFIPEAPI;
			sourceTree = "<group>";
		};
/* End PBXGroup section */

/* Begin PBXNativeTarget section */
		43E838771E990ED00030E07A /* DesafioFIPEAPI */ = {
			isa = PBXNativeTarget;
			buildConfigurationList = 43E8388A1E990ED10030E07A /* Build configuration list for PBXNativeTarget "DesafioFIPEAPI" */;
			buildPhases = (
				43E838741E990ED00030E07A /* Sources */,
				43E838751E990ED00030E07A /* Frameworks */,
				43E838761E990ED00030E07A /* Resources */,
			);
			buildRules = (
			);
			dependencies = (
			);
			name = DesafioFIPEAPI;
			productName = DesafioFIPEAPI;
			productReference = 43E838781E990ED10030E07A /* DesafioFIPEAPI.app */;
			productType = "com.apple.product-type.application";
		};
/* End PBXNativeTarget section */

/* Begin PBXProject section */
		43E838701E990ED00030E07A /* Project object */ = {
			isa = PBXProject;
			attributes = {
				LastSwiftUpdateCheck = 0820;
				LastUpgradeCheck = 0820;
				ORGANIZATIONNAME = Swift;
				TargetAttributes = {
					43E838771E990ED00030E07A = {
						CreatedOnToolsVersion = 8.2.1;
						ProvisioningStyle = Automatic;
					};
				};
			};
			buildConfigurationList = 43E838731E990ED00030E07A /* Build configuration list for PBXProject "DesafioFIPEAPI" */;
			compatibilityVersion = "Xcode 3.2";
			developmentRegion = English;
			hasScannedForEncodings = 0;
			knownRegions = (
				en,
				Base,
			);
			mainGroup = 43E8386F1E990ED00030E07A;
			productRefGroup = 43E838791E990ED10030E07A /* Products */;
			projectDirPath = "";
			projectRoot = "";
			targets = (
				43E838771E990ED00030E07A /* DesafioFIPEAPI */,
			);
		};
/* End PBXProject section */

/* Begin PBXResourcesBuildPhase section */
		43E838761E990ED00030E07A /* Resources */ = {
			isa = PBXResourcesBuildPhase;
			buildActionMask = 2147483647;
			files = (
				43E838861E990ED10030E07A /* LaunchScreen.storyboard in Resources */,
				43E838831E990ED10030E07A /* Assets.xcassets in Resources */,
				43E838811E990ED10030E07A /* Main.storyboard in Resources */,
			);
			runOnlyForDeploymentPostprocessing = 0;
		};
/* End PBXResourcesBuildPhase section */

/* Begin PBXSourcesBuildPhase section */
		43E838741E990ED00030E07A /* Sources */ = {
			isa = PBXSourcesBuildPhase;
			buildActionMask = 2147483647;
			files = (
				43E8387E1E990ED10030E07A /* ViewController.swift in Sources */,
				43E8387C1E990ED10030E07A /* AppDelegate.swift in Sources */,
			);
			runOnlyForDeploymentPostprocessing = 0;
		};
/* End PBXSourcesBuildPhase section */

/* Begin PBXVariantGroup section */
		43E8387F1E990ED10030E07A /* Main.storyboard */ = {
			isa = PBXVariantGroup;
			children = (
				43E838801E990ED10030E07A /* Base */,
			);
			name = Main.storyboard;
			sourceTree = "<group>";
		};
		43E838841E990ED10030E07A /* LaunchScreen.storyboard */ = {
			isa = PBXVariantGroup;
			children = (
				43E838851E990ED10030E07A /* Base */,
			);
			name = LaunchScreen.storyboard;
			sourceTree = "<group>";
		};
/* End PBXVariantGroup section */

/* Begin XCBuildConfiguration section */
		43E838881E990ED10030E07A /* Debug */ = {
			isa = XCBuildConfiguration;
			buildSettings = {
				ALWAYS_SEARCH_USER_PATHS = NO;
				CLANG_ANALYZER_NONNULL = YES;
				CLANG_CXX_LANGUAGE_STANDARD = "gnu++0x";
				CLANG_CXX_LIBRARY = "libc++";
				CLANG_ENABLE_MODULES = YES;
				CLANG_ENABLE_OBJC_ARC = YES;
				CLANG_WARN_BOOL_CONVERSION = YES;
				CLANG_WARN_CONSTANT_CONVERSION = YES;
				CLANG_WARN_DIRECT_OBJC_ISA_USAGE = YES_ERROR;
				CLANG_WARN_DOCUMENTATION_COMMENTS = YES;
				CLANG_WARN_EMPTY_BODY = YES;
				CLANG_WARN_ENUM_CONVERSION = YES;
				CLANG_WARN_INFINITE_RECURSION = YES;
				CLANG_WARN_INT_CONVERSION = YES;
				CLANG_WARN_OBJC_ROOT_CLASS = YES_ERROR;
				CLANG_WARN_SUSPICIOUS_MOVE = YES;
				CLANG_WARN_UNREACHABLE_CODE = YES;
				CLANG_WARN__DUPLICATE_METHOD_MATCH = YES;
				"CODE_SIGN_IDENTITY[sdk=iphoneos*]" = "iPhone Developer";
				COPY_PHASE_STRIP = NO;
				DEBUG_INFORMATION_FORMAT = dwarf;
				ENABLE_STRICT_OBJC_MSGSEND = YES;
				ENABLE_TESTABILITY = YES;
				GCC_C_LANGUAGE_STANDARD = gnu99;
				GCC_DYNAMIC_NO_PIC = NO;
				GCC_NO_COMMON_BLOCKS = YES;
				GCC_OPTIMIZATION_LEVEL = 0;
				GCC_PREPROCESSOR_DEFINITIONS = (
					"DEBUG=1",
					"$(inherited)",
				);
				GCC_WARN_64_TO_32_BIT_CONVERSION = YES;
				GCC_WARN_ABOUT_RETURN_TYPE = YES_ERROR;
				GCC_WARN_UNDECLARED_SELECTOR = YES;
				GCC_WARN_UNINITIALIZED_AUTOS = YES_AGGRESSIVE;
				GCC_WARN_UNUSED_FUNCTION = YES;
				GCC_WARN_UNUSED_VARIABLE = YES;
				IPHONEOS_DEPLOYMENT_TARGET = 10.2;
				MTL_ENABLE_DEBUG_INFO = YES;
				ONLY_ACTIVE_ARCH = YES;
				SDKROOT = iphoneos;
				SWIFT_ACTIVE_COMPILATION_CONDITIONS = DEBUG;
				SWIFT_OPTIMIZATION_LEVEL = "-Onone";
			};
			name = Debug;
		};
		43E838891E990ED10030E07A /* Release */ = {
			isa = XCBuildConfiguration;
			buildSettings = {
				ALWAYS_SEARCH_USER_PATHS = NO;
				CLANG_ANALYZER_NONNULL = YES;
				CLANG_CXX_LANGUAGE_STANDARD = "gnu++0x";
				CLANG_CXX_LIBRARY = "libc++";
				CLANG_ENABLE_MODULES = YES;
				CLANG_ENABLE_OBJC_ARC = YES;
				CLANG_WARN_BOOL_CONVERSION = YES;
				CLANG_WARN_CONSTANT_CONVERSION = YES;
				CLANG_WARN_DIRECT_OBJC_ISA_USAGE = YES_ERROR;
				CLANG_WARN_DOCUMENTATION_COMMENTS = YES;
				CLANG_WARN_EMPTY_BODY = YES;
				CLANG_WARN_ENUM_CONVERSION = YES;
				CLANG_WARN_INFINITE_RECURSION = YES;
				CLANG_WARN_INT_CONVERSION = YES;
				CLANG_WARN_OBJC_ROOT_CLASS = YES_ERROR;
				CLANG_WARN_SUSPICIOUS_MOVE = YES;
				CLANG_WARN_UNREACHABLE_CODE = YES;
				CLANG_WARN__DUPLICATE_METHOD_MATCH = YES;
				"CODE_SIGN_IDENTITY[sdk=iphoneos*]" = "iPhone Developer";
				COPY_PHASE_STRIP = NO;
				DEBUG_INFORMATION_FORMAT = "dwarf-with-dsym";
				ENABLE_NS_ASSERTIONS = NO;
				ENABLE_STRICT_OBJC_MSGSEND = YES;
				GCC_C_LANGUAGE_STANDARD = gnu99;
				GCC_NO_COMMON_BLOCKS = YES;
				GCC_WARN_64_TO_32_BIT_CONVERSION = YES;
				GCC_WARN_ABOUT_RETURN_TYPE = YES_ERROR;
				GCC_WARN_UNDECLARED_SELECTOR = YES;
				GCC_WARN_UNINITIALIZED_AUTOS = YES_AGGRESSIVE;
				GCC_WARN_UNUSED_FUNCTION = YES;
				GCC_WARN_UNUSED_VARIABLE = YES;
				IPHONEOS_DEPLOYMENT_TARGET = 10.2;
				MTL_ENABLE_DEBUG_INFO = NO;
				SDKROOT = iphoneos;
				SWIFT_OPTIMIZATION_LEVEL = "-Owholemodule";
				VALIDATE_PRODUCT = YES;
			};
			name = Release;
		};
		43E8388B1E990ED10030E07A /* Debug */ = {
			isa = XCBuildConfiguration;
			buildSettings = {
				ASSETCATALOG_COMPILER_APPICON_NAME = AppIcon;
				INFOPLIST_FILE = DesafioFIPEAPI/Info.plist;
				LD_RUNPATH_SEARCH_PATHS = "$(inherited) @executable_path/Frameworks";
				PRODUCT_BUNDLE_IDENTIFIER = br.com.DesafioFIPEAPI;
				PRODUCT_NAME = "$(TARGET_NAME)";
				SWIFT_VERSION = 3.0;
			};
			name = Debug;
		};
		43E8388C1E990ED10030E07A /* Release */ = {
			isa = XCBuildConfiguration;
			buildSettings = {
				ASSETCATALOG_COMPILER_APPICON_NAME = AppIcon;
				INFOPLIST_FILE = DesafioFIPEAPI/Info.plist;
				LD_RUNPATH_SEARCH_PATHS = "$(inherited) @executable_path/Frameworks";
				PRODUCT_BUNDLE_IDENTIFIER = br.com.DesafioFIPEAPI;
				PRODUCT_NAME = "$(TARGET_NAME)";
				SWIFT_VERSION = 3.0;
			};
			name = Release;
		};
/* End XCBuildConfiguration section */

/* Begin XCConfigurationList section */
		43E838731E990ED00030E07A /* Build configuration list for PBXProject "DesafioFIPEAPI" */ = {
			isa = XCConfigurationList;
			buildConfigurations = (
				43E838881E990ED10030E07A /* Debug */,
				43E838891E990ED10030E07A /* Release */,
			);
			defaultConfigurationIsVisible = 0;
			defaultConfigurationName = Release;
		};
		43E8388A1E990ED10030E07A /* Build configuration list for PBXNativeTarget "DesafioFIPEAPI" */ = {
			isa = XCConfigurationList;
			buildConfigurations = (
				43E8388B1E990ED10030E07A /* Debug */,
				43E8388C1E990ED10030E07A /* Release */,
			);
			defaultConfigurationIsVisible = 0;
		};
/* End XCConfigurationList section */
	};
	rootObject = 43E838701E990ED00030E07A /* Project object */;
}
