// !$*UTF8*$!
{
	archiveVersion = 1;
	classes = {
	};
	objectVersion = 46;
	objects = {

/* Begin PBXBuildFile section */
		43B8EA731EABC3630098C304 /* AppDelegate.swift in Sources */ = {isa = PBXBuildFile; fileRef = 43B8EA721EABC3630098C304 /* AppDelegate.swift */; };
		43B8EA751EABC3630098C304 /* ViewController.swift in Sources */ = {isa = PBXBuildFile; fileRef = 43B8EA741EABC3630098C304 /* ViewController.swift */; };
		43B8EA781EABC3630098C304 /* Main.storyboard in Resources */ = {isa = PBXBuildFile; fileRef = 43B8EA761EABC3630098C304 /* Main.storyboard */; };
		43B8EA7A1EABC3630098C304 /* Assets.xcassets in Resources */ = {isa = PBXBuildFile; fileRef = 43B8EA791EABC3630098C304 /* Assets.xcassets */; };
		43B8EA7D1EABC3630098C304 /* LaunchScreen.storyboard in Resources */ = {isa = PBXBuildFile; fileRef = 43B8EA7B1EABC3630098C304 /* LaunchScreen.storyboard */; };
		43B8EA861EABC39E0098C304 /* libsqlite3.tbd in Frameworks */ = {isa = PBXBuildFile; fileRef = 43B8EA851EABC39E0098C304 /* libsqlite3.tbd */; };
		43B8EA891EABC6D40098C304 /* ListaViewController.swift in Sources */ = {isa = PBXBuildFile; fileRef = 43B8EA881EABC6D40098C304 /* ListaViewController.swift */; };
		43B8EA8B1EABC6F50098C304 /* DetalhesViewController.swift in Sources */ = {isa = PBXBuildFile; fileRef = 43B8EA8A1EABC6F50098C304 /* DetalhesViewController.swift */; };
/* End PBXBuildFile section */

/* Begin PBXFileReference section */
		43B8EA6F1EABC3630098C304 /* DesafioSQLite.app */ = {isa = PBXFileReference; explicitFileType = wrapper.application; includeInIndex = 0; path = DesafioSQLite.app; sourceTree = BUILT_PRODUCTS_DIR; };
		43B8EA721EABC3630098C304 /* AppDelegate.swift */ = {isa = PBXFileReference; lastKnownFileType = sourcecode.swift; path = AppDelegate.swift; sourceTree = "<group>"; };
		43B8EA741EABC3630098C304 /* ViewController.swift */ = {isa = PBXFileReference; lastKnownFileType = sourcecode.swift; path = ViewController.swift; sourceTree = "<group>"; };
		43B8EA771EABC3630098C304 /* Base */ = {isa = PBXFileReference; lastKnownFileType = file.storyboard; name = Base; path = Base.lproj/Main.storyboard; sourceTree = "<group>"; };
		43B8EA791EABC3630098C304 /* Assets.xcassets */ = {isa = PBXFileReference; lastKnownFileType = folder.assetcatalog; path = Assets.xcassets; sourceTree = "<group>"; };
		43B8EA7C1EABC3630098C304 /* Base */ = {isa = PBXFileReference; lastKnownFileType = file.storyboard; name = Base; path = Base.lproj/LaunchScreen.storyboard; sourceTree = "<group>"; };
		43B8EA7E1EABC3630098C304 /* Info.plist */ = {isa = PBXFileReference; lastKnownFileType = text.plist.xml; path = Info.plist; sourceTree = "<group>"; };
		43B8EA851EABC39E0098C304 /* libsqlite3.tbd */ = {isa = PBXFileReference; lastKnownFileType = "sourcecode.text-based-dylib-definition"; name = libsqlite3.tbd; path = usr/lib/libsqlite3.tbd; sourceTree = SDKROOT; };
		43B8EA871EABC3AC0098C304 /* Header.h */ = {isa = PBXFileReference; fileEncoding = 4; lastKnownFileType = sourcecode.c.h; path = Header.h; sourceTree = "<group>"; };
		43B8EA881EABC6D40098C304 /* ListaViewController.swift */ = {isa = PBXFileReference; fileEncoding = 4; lastKnownFileType = sourcecode.swift; path = ListaViewController.swift; sourceTree = "<group>"; };
		43B8EA8A1EABC6F50098C304 /* DetalhesViewController.swift */ = {isa = PBXFileReference; fileEncoding = 4; lastKnownFileType = sourcecode.swift; path = DetalhesViewController.swift; sourceTree = "<group>"; };
/* End PBXFileReference section */

/* Begin PBXFrameworksBuildPhase section */
		43B8EA6C1EABC3630098C304 /* Frameworks */ = {
			isa = PBXFrameworksBuildPhase;
			buildActionMask = 2147483647;
			files = (
				43B8EA861EABC39E0098C304 /* libsqlite3.tbd in Frameworks */,
			);
			runOnlyForDeploymentPostprocessing = 0;
		};
/* End PBXFrameworksBuildPhase section */

/* Begin PBXGroup section */
		43B8EA661EABC3630098C304 = {
			isa = PBXGroup;
			children = (
				43B8EA711EABC3630098C304 /* DesafioSQLite */,
				43B8EA701EABC3630098C304 /* Products */,
				43B8EA841EABC39E0098C304 /* Frameworks */,
			);
			sourceTree = "<group>";
		};
		43B8EA701EABC3630098C304 /* Products */ = {
			isa = PBXGroup;
			children = (
				43B8EA6F1EABC3630098C304 /* DesafioSQLite.app */,
			);
			name = Products;
			sourceTree = "<group>";
		};
		43B8EA711EABC3630098C304 /* DesafioSQLite */ = {
			isa = PBXGroup;
			children = (
				43B8EA871EABC3AC0098C304 /* Header.h */,
				43B8EA721EABC3630098C304 /* AppDelegate.swift */,
				43B8EA741EABC3630098C304 /* ViewController.swift */,
				43B8EA761EABC3630098C304 /* Main.storyboard */,
				43B8EA881EABC6D40098C304 /* ListaViewController.swift */,
				43B8EA8A1EABC6F50098C304 /* DetalhesViewController.swift */,
				43B8EA791EABC3630098C304 /* Assets.xcassets */,
				43B8EA7B1EABC3630098C304 /* LaunchScreen.storyboard */,
				43B8EA7E1EABC3630098C304 /* Info.plist */,
			);
			path = DesafioSQLite;
			sourceTree = "<group>";
		};
		43B8EA841EABC39E0098C304 /* Frameworks */ = {
			isa = PBXGroup;
			children = (
				43B8EA851EABC39E0098C304 /* libsqlite3.tbd */,
			);
			name = Frameworks;
			sourceTree = "<group>";
		};
/* End PBXGroup section */

/* Begin PBXNativeTarget section */
		43B8EA6E1EABC3630098C304 /* DesafioSQLite */ = {
			isa = PBXNativeTarget;
			buildConfigurationList = 43B8EA811EABC3630098C304 /* Build configuration list for PBXNativeTarget "DesafioSQLite" */;
			buildPhases = (
				43B8EA6B1EABC3630098C304 /* Sources */,
				43B8EA6C1EABC3630098C304 /* Frameworks */,
				43B8EA6D1EABC3630098C304 /* Resources */,
			);
			buildRules = (
			);
			dependencies = (
			);
			name = DesafioSQLite;
			productName = DesafioSQLite;
			productReference = 43B8EA6F1EABC3630098C304 /* DesafioSQLite.app */;
			productType = "com.apple.product-type.application";
		};
/* End PBXNativeTarget section */

/* Begin PBXProject section */
		43B8EA671EABC3630098C304 /* Project object */ = {
			isa = PBXProject;
			attributes = {
				LastSwiftUpdateCheck = 0830;
				LastUpgradeCheck = 0830;
				ORGANIZATIONNAME = Swift;
				TargetAttributes = {
					43B8EA6E1EABC3630098C304 = {
						CreatedOnToolsVersion = 8.3;
						ProvisioningStyle = Automatic;
					};
				};
			};
			buildConfigurationList = 43B8EA6A1EABC3630098C304 /* Build configuration list for PBXProject "DesafioSQLite" */;
			compatibilityVersion = "Xcode 3.2";
			developmentRegion = English;
			hasScannedForEncodings = 0;
			knownRegions = (
				en,
				Base,
			);
			mainGroup = 43B8EA661EABC3630098C304;
			productRefGroup = 43B8EA701EABC3630098C304 /* Products */;
			projectDirPath = "";
			projectRoot = "";
			targets = (
				43B8EA6E1EABC3630098C304 /* DesafioSQLite */,
			);
		};
/* End PBXProject section */

/* Begin PBXResourcesBuildPhase section */
		43B8EA6D1EABC3630098C304 /* Resources */ = {
			isa = PBXResourcesBuildPhase;
			buildActionMask = 2147483647;
			files = (
				43B8EA7D1EABC3630098C304 /* LaunchScreen.storyboard in Resources */,
				43B8EA7A1EABC3630098C304 /* Assets.xcassets in Resources */,
				43B8EA781EABC3630098C304 /* Main.storyboard in Resources */,
			);
			runOnlyForDeploymentPostprocessing = 0;
		};
/* End PBXResourcesBuildPhase section */

/* Begin PBXSourcesBuildPhase section */
		43B8EA6B1EABC3630098C304 /* Sources */ = {
			isa = PBXSourcesBuildPhase;
			buildActionMask = 2147483647;
			files = (
				43B8EA8B1EABC6F50098C304 /* DetalhesViewController.swift in Sources */,
				43B8EA891EABC6D40098C304 /* ListaViewController.swift in Sources */,
				43B8EA751EABC3630098C304 /* ViewController.swift in Sources */,
				43B8EA731EABC3630098C304 /* AppDelegate.swift in Sources */,
			);
			runOnlyForDeploymentPostprocessing = 0;
		};
/* End PBXSourcesBuildPhase section */

/* Begin PBXVariantGroup section */
		43B8EA761EABC3630098C304 /* Main.storyboard */ = {
			isa = PBXVariantGroup;
			children = (
				43B8EA771EABC3630098C304 /* Base */,
			);
			name = Main.storyboard;
			sourceTree = "<group>";
		};
		43B8EA7B1EABC3630098C304 /* LaunchScreen.storyboard */ = {
			isa = PBXVariantGroup;
			children = (
				43B8EA7C1EABC3630098C304 /* Base */,
			);
			name = LaunchScreen.storyboard;
			sourceTree = "<group>";
		};
/* End PBXVariantGroup section */

/* Begin XCBuildConfiguration section */
		43B8EA7F1EABC3630098C304 /* Debug */ = {
			isa = XCBuildConfiguration;
			buildSettings = {
				ALWAYS_SEARCH_USER_PATHS = NO;
				CLANG_ANALYZER_NONNULL = YES;
				CLANG_ANALYZER_NUMBER_OBJECT_CONVERSION = YES_AGGRESSIVE;
				CLANG_CXX_LANGUAGE_STANDARD = "gnu++0x";
				CLANG_CXX_LIBRARY = "libc++";
				CLANG_ENABLE_MODULES = YES;
				CLANG_ENABLE_OBJC_ARC = YES;
				CLANG_WARN_BOOL_CONVERSION = YES;
				CLANG_WARN_CONSTANT_CONVERSION = YES;
				CLANG_WARN_DIRECT_OBJC_ISA_USAGE = YES_ERROR;
				CLANG_WARN_DOCUMENTATION_COMMENTS = YES;
				CLANG_WARN_EMPTY_BODY = YES;
				CLANG_WARN_ENUM_CONVERSION = YES;
				CLANG_WARN_INFINITE_RECURSION = YES;
				CLANG_WARN_INT_CONVERSION = YES;
				CLANG_WARN_OBJC_ROOT_CLASS = YES_ERROR;
				CLANG_WARN_SUSPICIOUS_MOVE = YES;
				CLANG_WARN_UNREACHABLE_CODE = YES;
				CLANG_WARN__DUPLICATE_METHOD_MATCH = YES;
				"CODE_SIGN_IDENTITY[sdk=iphoneos*]" = "iPhone Developer";
				COPY_PHASE_STRIP = NO;
				DEBUG_INFORMATION_FORMAT = dwarf;
				ENABLE_STRICT_OBJC_MSGSEND = YES;
				ENABLE_TESTABILITY = YES;
				GCC_C_LANGUAGE_STANDARD = gnu99;
				GCC_DYNAMIC_NO_PIC = NO;
				GCC_NO_COMMON_BLOCKS = YES;
				GCC_OPTIMIZATION_LEVEL = 0;
				GCC_PREPROCESSOR_DEFINITIONS = (
					"DEBUG=1",
					"$(inherited)",
				);
				GCC_WARN_64_TO_32_BIT_CONVERSION = YES;
				GCC_WARN_ABOUT_RETURN_TYPE = YES_ERROR;
				GCC_WARN_UNDECLARED_SELECTOR = YES;
				GCC_WARN_UNINITIALIZED_AUTOS = YES_AGGRESSIVE;
				GCC_WARN_UNUSED_FUNCTION = YES;
				GCC_WARN_UNUSED_VARIABLE = YES;
				IPHONEOS_DEPLOYMENT_TARGET = 10.3;
				MTL_ENABLE_DEBUG_INFO = YES;
				ONLY_ACTIVE_ARCH = YES;
				SDKROOT = iphoneos;
				SWIFT_ACTIVE_COMPILATION_CONDITIONS = DEBUG;
				SWIFT_OPTIMIZATION_LEVEL = "-Onone";
			};
			name = Debug;
		};
		43B8EA801EABC3630098C304 /* Release */ = {
			isa = XCBuildConfiguration;
			buildSettings = {
				ALWAYS_SEARCH_USER_PATHS = NO;
				CLANG_ANALYZER_NONNULL = YES;
				CLANG_ANALYZER_NUMBER_OBJECT_CONVERSION = YES_AGGRESSIVE;
				CLANG_CXX_LANGUAGE_STANDARD = "gnu++0x";
				CLANG_CXX_LIBRARY = "libc++";
				CLANG_ENABLE_MODULES = YES;
				CLANG_ENABLE_OBJC_ARC = YES;
				CLANG_WARN_BOOL_CONVERSION = YES;
				CLANG_WARN_CONSTANT_CONVERSION = YES;
				CLANG_WARN_DIRECT_OBJC_ISA_USAGE = YES_ERROR;
				CLANG_WARN_DOCUMENTATION_COMMENTS = YES;
				CLANG_WARN_EMPTY_BODY = YES;
				CLANG_WARN_ENUM_CONVERSION = YES;
				CLANG_WARN_INFINITE_RECURSION = YES;
				CLANG_WARN_INT_CONVERSION = YES;
				CLANG_WARN_OBJC_ROOT_CLASS = YES_ERROR;
				CLANG_WARN_SUSPICIOUS_MOVE = YES;
				CLANG_WARN_UNREACHABLE_CODE = YES;
				CLANG_WARN__DUPLICATE_METHOD_MATCH = YES;
				"CODE_SIGN_IDENTITY[sdk=iphoneos*]" = "iPhone Developer";
				COPY_PHASE_STRIP = NO;
				DEBUG_INFORMATION_FORMAT = "dwarf-with-dsym";
				ENABLE_NS_ASSERTIONS = NO;
				ENABLE_STRICT_OBJC_MSGSEND = YES;
				GCC_C_LANGUAGE_STANDARD = gnu99;
				GCC_NO_COMMON_BLOCKS = YES;
				GCC_WARN_64_TO_32_BIT_CONVERSION = YES;
				GCC_WARN_ABOUT_RETURN_TYPE = YES_ERROR;
				GCC_WARN_UNDECLARED_SELECTOR = YES;
				GCC_WARN_UNINITIALIZED_AUTOS = YES_AGGRESSIVE;
				GCC_WARN_UNUSED_FUNCTION = YES;
				GCC_WARN_UNUSED_VARIABLE = YES;
				IPHONEOS_DEPLOYMENT_TARGET = 10.3;
				MTL_ENABLE_DEBUG_INFO = NO;
				SDKROOT = iphoneos;
				SWIFT_OPTIMIZATION_LEVEL = "-Owholemodule";
				VALIDATE_PRODUCT = YES;
			};
			name = Release;
		};
		43B8EA821EABC3630098C304 /* Debug */ = {
			isa = XCBuildConfiguration;
			buildSettings = {
				ASSETCATALOG_COMPILER_APPICON_NAME = AppIcon;
				INFOPLIST_FILE = DesafioSQLite/Info.plist;
				LD_RUNPATH_SEARCH_PATHS = "$(inherited) @executable_path/Frameworks";
				PRODUCT_BUNDLE_IDENTIFIER = br.com.DesafioSQLite;
				PRODUCT_NAME = "$(TARGET_NAME)";
				SWIFT_OBJC_BRIDGING_HEADER = DesafioSQLite/Header.h;
				SWIFT_VERSION = 3.0;
			};
			name = Debug;
		};
		43B8EA831EABC3630098C304 /* Release */ = {
			isa = XCBuildConfiguration;
			buildSettings = {
				ASSETCATALOG_COMPILER_APPICON_NAME = AppIcon;
				INFOPLIST_FILE = DesafioSQLite/Info.plist;
				LD_RUNPATH_SEARCH_PATHS = "$(inherited) @executable_path/Frameworks";
				PRODUCT_BUNDLE_IDENTIFIER = br.com.DesafioSQLite;
				PRODUCT_NAME = "$(TARGET_NAME)";
				SWIFT_OBJC_BRIDGING_HEADER = DesafioSQLite/Header.h;
				SWIFT_VERSION = 3.0;
			};
			name = Release;
		};
/* End XCBuildConfiguration section */

/* Begin XCConfigurationList section */
		43B8EA6A1EABC3630098C304 /* Build configuration list for PBXProject "DesafioSQLite" */ = {
			isa = XCConfigurationList;
			buildConfigurations = (
				43B8EA7F1EABC3630098C304 /* Debug */,
				43B8EA801EABC3630098C304 /* Release */,
			);
			defaultConfigurationIsVisible = 0;
			defaultConfigurationName = Release;
		};
		43B8EA811EABC3630098C304 /* Build configuration list for PBXNativeTarget "DesafioSQLite" */ = {
			isa = XCConfigurationList;
			buildConfigurations = (
				43B8EA821EABC3630098C304 /* Debug */,
				43B8EA831EABC3630098C304 /* Release */,
			);
			defaultConfigurationIsVisible = 0;
		};
/* End XCConfigurationList section */
	};
	rootObject = 43B8EA671EABC3630098C304 /* Project object */;
}
